// !$*UTF8*$!
{
	archiveVersion = 1;
	classes = {
	};
	objectVersion = 48;
	objects = {

/* Begin PBXBuildFile section */
		96F9BFF51FE64EBE00507888 /* AppDelegate.swift in Sources */ = {isa = PBXBuildFile; fileRef = 96F9BFF41FE64EBE00507888 /* AppDelegate.swift */; };
		96F9BFF71FE64EBE00507888 /* CategoriesVC.swift in Sources */ = {isa = PBXBuildFile; fileRef = 96F9BFF61FE64EBE00507888 /* CategoriesVC.swift */; };
		96F9BFFA1FE64EBE00507888 /* Main.storyboard in Resources */ = {isa = PBXBuildFile; fileRef = 96F9BFF81FE64EBE00507888 /* Main.storyboard */; };
		96F9BFFC1FE64EBE00507888 /* Assets.xcassets in Resources */ = {isa = PBXBuildFile; fileRef = 96F9BFFB1FE64EBE00507888 /* Assets.xcassets */; };
		96F9BFFF1FE64EBE00507888 /* LaunchScreen.storyboard in Resources */ = {isa = PBXBuildFile; fileRef = 96F9BFFD1FE64EBE00507888 /* LaunchScreen.storyboard */; };
		96F9C00C1FE658E400507888 /* CategoryCell.swift in Sources */ = {isa = PBXBuildFile; fileRef = 96F9C00B1FE658E400507888 /* CategoryCell.swift */; };
		96F9C00E1FE65B7100507888 /* Category.swift in Sources */ = {isa = PBXBuildFile; fileRef = 96F9C00D1FE65B7100507888 /* Category.swift */; };
		96F9C0111FE65EC200507888 /* DataService.swift in Sources */ = {isa = PBXBuildFile; fileRef = 96F9C0101FE65EC200507888 /* DataService.swift */; };
		96FD424B1FE8A11100FDA480 /* ProductCell.swift in Sources */ = {isa = PBXBuildFile; fileRef = 96FD424A1FE8A11100FDA480 /* ProductCell.swift */; };
		96FD424D1FE8A28700FDA480 /* Product.swift in Sources */ = {isa = PBXBuildFile; fileRef = 96FD424C1FE8A28700FDA480 /* Product.swift */; };
/* End PBXBuildFile section */

/* Begin PBXFileReference section */
		96F9BFF11FE64EBE00507888 /* coder-swag.app */ = {isa = PBXFileReference; explicitFileType = wrapper.application; includeInIndex = 0; path = "coder-swag.app"; sourceTree = BUILT_PRODUCTS_DIR; };
		96F9BFF41FE64EBE00507888 /* AppDelegate.swift */ = {isa = PBXFileReference; lastKnownFileType = sourcecode.swift; path = AppDelegate.swift; sourceTree = "<group>"; };
		96F9BFF61FE64EBE00507888 /* CategoriesVC.swift */ = {isa = PBXFileReference; lastKnownFileType = sourcecode.swift; path = CategoriesVC.swift; sourceTree = "<group>"; };
		96F9BFF91FE64EBE00507888 /* Base */ = {isa = PBXFileReference; lastKnownFileType = file.storyboard; name = Base; path = Base.lproj/Main.storyboard; sourceTree = "<group>"; };
		96F9BFFB1FE64EBE00507888 /* Assets.xcassets */ = {isa = PBXFileReference; lastKnownFileType = folder.assetcatalog; path = Assets.xcassets; sourceTree = "<group>"; };
		96F9BFFE1FE64EBE00507888 /* Base */ = {isa = PBXFileReference; lastKnownFileType = file.storyboard; name = Base; path = Base.lproj/LaunchScreen.storyboard; sourceTree = "<group>"; };
		96F9C0001FE64EBE00507888 /* Info.plist */ = {isa = PBXFileReference; lastKnownFileType = text.plist.xml; path = Info.plist; sourceTree = "<group>"; };
		96F9C00B1FE658E400507888 /* CategoryCell.swift */ = {isa = PBXFileReference; lastKnownFileType = sourcecode.swift; path = CategoryCell.swift; sourceTree = "<group>"; };
		96F9C00D1FE65B7100507888 /* Category.swift */ = {isa = PBXFileReference; lastKnownFileType = sourcecode.swift; path = Category.swift; sourceTree = "<group>"; };
		96F9C0101FE65EC200507888 /* DataService.swift */ = {isa = PBXFileReference; lastKnownFileType = sourcecode.swift; path = DataService.swift; sourceTree = "<group>"; };
		96FD424A1FE8A11100FDA480 /* ProductCell.swift */ = {isa = PBXFileReference; lastKnownFileType = sourcecode.swift; path = ProductCell.swift; sourceTree = "<group>"; };
		96FD424C1FE8A28700FDA480 /* Product.swift */ = {isa = PBXFileReference; lastKnownFileType = sourcecode.swift; path = Product.swift; sourceTree = "<group>"; };
/* End PBXFileReference section */

/* Begin PBXFrameworksBuildPhase section */
		96F9BFEE1FE64EBE00507888 /* Frameworks */ = {
			isa = PBXFrameworksBuildPhase;
			buildActionMask = 2147483647;
			files = (
			);
			runOnlyForDeploymentPostprocessing = 0;
		};
/* End PBXFrameworksBuildPhase section */

/* Begin PBXGroup section */
		96F9BFE81FE64EBE00507888 = {
			isa = PBXGroup;
			children = (
				96F9BFF31FE64EBE00507888 /* coder-swag */,
				96F9BFF21FE64EBE00507888 /* Products */,
			);
			sourceTree = "<group>";
		};
		96F9BFF21FE64EBE00507888 /* Products */ = {
			isa = PBXGroup;
			children = (
				96F9BFF11FE64EBE00507888 /* coder-swag.app */,
			);
			name = Products;
			sourceTree = "<group>";
		};
		96F9BFF31FE64EBE00507888 /* coder-swag */ = {
			isa = PBXGroup;
			children = (
				96F9C00F1FE65EAB00507888 /* Services */,
				96F9C0081FE657D600507888 /* View */,
				96F9C0071FE657CE00507888 /* Model */,
				96F9C0061FE657C200507888 /* Controller */,
				96F9BFF41FE64EBE00507888 /* AppDelegate.swift */,
				96F9BFF81FE64EBE00507888 /* Main.storyboard */,
				96F9BFFB1FE64EBE00507888 /* Assets.xcassets */,
				96F9BFFD1FE64EBE00507888 /* LaunchScreen.storyboard */,
				96F9C0001FE64EBE00507888 /* Info.plist */,
			);
			path = "coder-swag";
			sourceTree = "<group>";
		};
		96F9C0061FE657C200507888 /* Controller */ = {
			isa = PBXGroup;
			children = (
				96F9BFF61FE64EBE00507888 /* CategoriesVC.swift */,
			);
			path = Controller;
			sourceTree = "<group>";
		};
		96F9C0071FE657CE00507888 /* Model */ = {
			isa = PBXGroup;
			children = (
				96F9C00D1FE65B7100507888 /* Category.swift */,
				96FD424C1FE8A28700FDA480 /* Product.swift */,
			);
			path = Model;
			sourceTree = "<group>";
		};
		96F9C0081FE657D600507888 /* View */ = {
			isa = PBXGroup;
			children = (
				96F9C00B1FE658E400507888 /* CategoryCell.swift */,
				96FD424A1FE8A11100FDA480 /* ProductCell.swift */,
			);
			path = View;
			sourceTree = "<group>";
		};
		96F9C00F1FE65EAB00507888 /* Services */ = {
			isa = PBXGroup;
			children = (
				96F9C0101FE65EC200507888 /* DataService.swift */,
			);
			path = Services;
			sourceTree = "<group>";
		};
/* End PBXGroup section */

/* Begin PBXNativeTarget section */
		96F9BFF01FE64EBE00507888 /* coder-swag */ = {
			isa = PBXNativeTarget;
			buildConfigurationList = 96F9C0031FE64EBE00507888 /* Build configuration list for PBXNativeTarget "coder-swag" */;
			buildPhases = (
				96F9BFED1FE64EBE00507888 /* Sources */,
				96F9BFEE1FE64EBE00507888 /* Frameworks */,
				96F9BFEF1FE64EBE00507888 /* Resources */,
			);
			buildRules = (
			);
			dependencies = (
			);
			name = "coder-swag";
			productName = "coder-swag";
			productReference = 96F9BFF11FE64EBE00507888 /* coder-swag.app */;
			productType = "com.apple.product-type.application";
		};
/* End PBXNativeTarget section */

/* Begin PBXProject section */
		96F9BFE91FE64EBE00507888 /* Project object */ = {
			isa = PBXProject;
			attributes = {
				LastSwiftUpdateCheck = 0920;
				LastUpgradeCheck = 0920;
				ORGANIZATIONNAME = alexnassif;
				TargetAttributes = {
					96F9BFF01FE64EBE00507888 = {
						CreatedOnToolsVersion = 9.2;
						ProvisioningStyle = Automatic;
					};
				};
			};
			buildConfigurationList = 96F9BFEC1FE64EBE00507888 /* Build configuration list for PBXProject "coder-swag" */;
			compatibilityVersion = "Xcode 8.0";
			developmentRegion = en;
			hasScannedForEncodings = 0;
			knownRegions = (
				en,
				Base,
			);
			mainGroup = 96F9BFE81FE64EBE00507888;
			productRefGroup = 96F9BFF21FE64EBE00507888 /* Products */;
			projectDirPath = "";
			projectRoot = "";
			targets = (
				96F9BFF01FE64EBE00507888 /* coder-swag */,
			);
		};
/* End PBXProject section */

/* Begin PBXResourcesBuildPhase section */
		96F9BFEF1FE64EBE00507888 /* Resources */ = {
			isa = PBXResourcesBuildPhase;
			buildActionMask = 2147483647;
			files = (
				96F9BFFF1FE64EBE00507888 /* LaunchScreen.storyboard in Resources */,
				96F9BFFC1FE64EBE00507888 /* Assets.xcassets in Resources */,
				96F9BFFA1FE64EBE00507888 /* Main.storyboard in Resources */,
			);
			runOnlyForDeploymentPostprocessing = 0;
		};
/* End PBXResourcesBuildPhase section */

/* Begin PBXSourcesBuildPhase section */
		96F9BFED1FE64EBE00507888 /* Sources */ = {
			isa = PBXSourcesBuildPhase;
			buildActionMask = 2147483647;
			files = (
				96F9BFF71FE64EBE00507888 /* CategoriesVC.swift in Sources */,
				96F9BFF51FE64EBE00507888 /* AppDelegate.swift in Sources */,
				96F9C00C1FE658E400507888 /* CategoryCell.swift in Sources */,
				96F9C00E1FE65B7100507888 /* Category.swift in Sources */,
				96FD424B1FE8A11100FDA480 /* ProductCell.swift in Sources */,
				96F9C0111FE65EC200507888 /* DataService.swift in Sources */,
				96FD424D1FE8A28700FDA480 /* Product.swift in Sources */,
			);
			runOnlyForDeploymentPostprocessing = 0;
		};
/* End PBXSourcesBuildPhase section */

/* Begin PBXVariantGroup section */
		96F9BFF81FE64EBE00507888 /* Main.storyboard */ = {
			isa = PBXVariantGroup;
			children = (
				96F9BFF91FE64EBE00507888 /* Base */,
			);
			name = Main.storyboard;
			sourceTree = "<group>";
		};
		96F9BFFD1FE64EBE00507888 /* LaunchScreen.storyboard */ = {
			isa = PBXVariantGroup;
			children = (
				96F9BFFE1FE64EBE00507888 /* Base */,
			);
			name = LaunchScreen.storyboard;
			sourceTree = "<group>";
		};
/* End PBXVariantGroup section */

/* Begin XCBuildConfiguration section */
		96F9C0011FE64EBE00507888 /* Debug */ = {
			isa = XCBuildConfiguration;
			buildSettings = {
				ALWAYS_SEARCH_USER_PATHS = NO;
				CLANG_ANALYZER_NONNULL = YES;
				CLANG_ANALYZER_NUMBER_OBJECT_CONVERSION = YES_AGGRESSIVE;
				CLANG_CXX_LANGUAGE_STANDARD = "gnu++14";
				CLANG_CXX_LIBRARY = "libc++";
				CLANG_ENABLE_MODULES = YES;
				CLANG_ENABLE_OBJC_ARC = YES;
				CLANG_WARN_BLOCK_CAPTURE_AUTORELEASING = YES;
				CLANG_WARN_BOOL_CONVERSION = YES;
				CLANG_WARN_COMMA = YES;
				CLANG_WARN_CONSTANT_CONVERSION = YES;
				CLANG_WARN_DIRECT_OBJC_ISA_USAGE = YES_ERROR;
				CLANG_WARN_DOCUMENTATION_COMMENTS = YES;
				CLANG_WARN_EMPTY_BODY = YES;
				CLANG_WARN_ENUM_CONVERSION = YES;
				CLANG_WARN_INFINITE_RECURSION = YES;
				CLANG_WARN_INT_CONVERSION = YES;
				CLANG_WARN_NON_LITERAL_NULL_CONVERSION = YES;
				CLANG_WARN_OBJC_LITERAL_CONVERSION = YES;
				CLANG_WARN_OBJC_ROOT_CLASS = YES_ERROR;
				CLANG_WARN_RANGE_LOOP_ANALYSIS = YES;
				CLANG_WARN_STRICT_PROTOTYPES = YES;
				CLANG_WARN_SUSPICIOUS_MOVE = YES;
				CLANG_WARN_UNGUARDED_AVAILABILITY = YES_AGGRESSIVE;
				CLANG_WARN_UNREACHABLE_CODE = YES;
				CLANG_WARN__DUPLICATE_METHOD_MATCH = YES;
				CODE_SIGN_IDENTITY = "iPhone Developer";
				COPY_PHASE_STRIP = NO;
				DEBUG_INFORMATION_FORMAT = dwarf;
				ENABLE_STRICT_OBJC_MSGSEND = YES;
				ENABLE_TESTABILITY = YES;
				GCC_C_LANGUAGE_STANDARD = gnu11;
				GCC_DYNAMIC_NO_PIC = NO;
				GCC_NO_COMMON_BLOCKS = YES;
				GCC_OPTIMIZATION_LEVEL = 0;
				GCC_PREPROCESSOR_DEFINITIONS = (
					"DEBUG=1",
					"$(inherited)",
				);
				GCC_WARN_64_TO_32_BIT_CONVERSION = YES;
				GCC_WARN_ABOUT_RETURN_TYPE = YES_ERROR;
				GCC_WARN_UNDECLARED_SELECTOR = YES;
				GCC_WARN_UNINITIALIZED_AUTOS = YES_AGGRESSIVE;
				GCC_WARN_UNUSED_FUNCTION = YES;
				GCC_WARN_UNUSED_VARIABLE = YES;
				IPHONEOS_DEPLOYMENT_TARGET = 11.2;
				MTL_ENABLE_DEBUG_INFO = YES;
				ONLY_ACTIVE_ARCH = YES;
				SDKROOT = iphoneos;
				SWIFT_ACTIVE_COMPILATION_CONDITIONS = DEBUG;
				SWIFT_OPTIMIZATION_LEVEL = "-Onone";
			};
			name = Debug;
		};
		96F9C0021FE64EBE00507888 /* Release */ = {
			isa = XCBuildConfiguration;
			buildSettings = {
				ALWAYS_SEARCH_USER_PATHS = NO;
				CLANG_ANALYZER_NONNULL = YES;
				CLANG_ANALYZER_NUMBER_OBJECT_CONVERSION = YES_AGGRESSIVE;
				CLANG_CXX_LANGUAGE_STANDARD = "gnu++14";
				CLANG_CXX_LIBRARY = "libc++";
				CLANG_ENABLE_MODULES = YES;
				CLANG_ENABLE_OBJC_ARC = YES;
				CLANG_WARN_BLOCK_CAPTURE_AUTORELEASING = YES;
				CLANG_WARN_BOOL_CONVERSION = YES;
				CLANG_WARN_COMMA = YES;
				CLANG_WARN_CONSTANT_CONVERSION = YES;
				CLANG_WARN_DIRECT_OBJC_ISA_USAGE = YES_ERROR;
				CLANG_WARN_DOCUMENTATION_COMMENTS = YES;
				CLANG_WARN_EMPTY_BODY = YES;
				CLANG_WARN_ENUM_CONVERSION = YES;
				CLANG_WARN_INFINITE_RECURSION = YES;
				CLANG_WARN_INT_CONVERSION = YES;
				CLANG_WARN_NON_LITERAL_NULL_CONVERSION = YES;
				CLANG_WARN_OBJC_LITERAL_CONVERSION = YES;
				CLANG_WARN_OBJC_ROOT_CLASS = YES_ERROR;
				CLANG_WARN_RANGE_LOOP_ANALYSIS = YES;
				CLANG_WARN_STRICT_PROTOTYPES = YES;
				CLANG_WARN_SUSPICIOUS_MOVE = YES;
				CLANG_WARN_UNGUARDED_AVAILABILITY = YES_AGGRESSIVE;
				CLANG_WARN_UNREACHABLE_CODE = YES;
				CLANG_WARN__DUPLICATE_METHOD_MATCH = YES;
				CODE_SIGN_IDENTITY = "iPhone Developer";
				COPY_PHASE_STRIP = NO;
				DEBUG_INFORMATION_FORMAT = "dwarf-with-dsym";
				ENABLE_NS_ASSERTIONS = NO;
				ENABLE_STRICT_OBJC_MSGSEND = YES;
				GCC_C_LANGUAGE_STANDARD = gnu11;
				GCC_NO_COMMON_BLOCKS = YES;
				GCC_WARN_64_TO_32_BIT_CONVERSION = YES;
				GCC_WARN_ABOUT_RETURN_TYPE = YES_ERROR;
				GCC_WARN_UNDECLARED_SELECTOR = YES;
				GCC_WARN_UNINITIALIZED_AUTOS = YES_AGGRESSIVE;
				GCC_WARN_UNUSED_FUNCTION = YES;
				GCC_WARN_UNUSED_VARIABLE = YES;
				IPHONEOS_DEPLOYMENT_TARGET = 11.2;
				MTL_ENABLE_DEBUG_INFO = NO;
				SDKROOT = iphoneos;
				SWIFT_OPTIMIZATION_LEVEL = "-Owholemodule";
				VALIDATE_PRODUCT = YES;
			};
			name = Release;
		};
		96F9C0041FE64EBE00507888 /* Debug */ = {
			isa = XCBuildConfiguration;
			buildSettings = {
				ASSETCATALOG_COMPILER_APPICON_NAME = AppIcon;
				CODE_SIGN_STYLE = Automatic;
				INFOPLIST_FILE = "coder-swag/Info.plist";
				LD_RUNPATH_SEARCH_PATHS = "$(inherited) @executable_path/Frameworks";
				PRODUCT_BUNDLE_IDENTIFIER = "com.alexnassif.mobile.coder-swag";
				PRODUCT_NAME = "$(TARGET_NAME)";
				SWIFT_VERSION = 4.0;
				TARGETED_DEVICE_FAMILY = "1,2";
			};
			name = Debug;
		};
		96F9C0051FE64EBE00507888 /* Release */ = {
			isa = XCBuildConfiguration;
			buildSettings = {
				ASSETCATALOG_COMPILER_APPICON_NAME = AppIcon;
				CODE_SIGN_STYLE = Automatic;
				INFOPLIST_FILE = "coder-swag/Info.plist";
				LD_RUNPATH_SEARCH_PATHS = "$(inherited) @executable_path/Frameworks";
				PRODUCT_BUNDLE_IDENTIFIER = "com.alexnassif.mobile.coder-swag";
				PRODUCT_NAME = "$(TARGET_NAME)";
				SWIFT_VERSION = 4.0;
				TARGETED_DEVICE_FAMILY = "1,2";
			};
			name = Release;
		};
/* End XCBuildConfiguration section */

/* Begin XCConfigurationList section */
		96F9BFEC1FE64EBE00507888 /* Build configuration list for PBXProject "coder-swag" */ = {
			isa = XCConfigurationList;
			buildConfigurations = (
				96F9C0011FE64EBE00507888 /* Debug */,
				96F9C0021FE64EBE00507888 /* Release */,
			);
			defaultConfigurationIsVisible = 0;
			defaultConfigurationName = Release;
		};
		96F9C0031FE64EBE00507888 /* Build configuration list for PBXNativeTarget "coder-swag" */ = {
			isa = XCConfigurationList;
			buildConfigurations = (
				96F9C0041FE64EBE00507888 /* Debug */,
				96F9C0051FE64EBE00507888 /* Release */,
			);
			defaultConfigurationIsVisible = 0;
			defaultConfigurationName = Release;
		};
/* End XCConfigurationList section */
	};
	rootObject = 96F9BFE91FE64EBE00507888 /* Project object */;
}
